
Microsoft Visual Studio Solution File, Format Version 12.00
# Visual Studio 15
Project("{FAE04EC0-301F-11D3-BF4B-00C04F79EFBC}") = "AirlyAPI", "AirlyAPI\AirlyAPI.csproj", "{D1B1F4F8-C9CF-4DC4-966D-DD7FF4683A1C}"
EndProject
Project("{FAE04EC0-301F-11D3-BF4B-00C04F79EFBC}") = "test", "test\test.csproj", "{69D38337-94C1-4B87-BF51-349E91995C6D}"
EndProject
Global
	GlobalSection(SolutionConfigurationPlatforms) = preSolution
		Debug|Any CPU = Debug|Any CPU
		Release|Any CPU = Release|Any CPU
	EndGlobalSection
	GlobalSection(ProjectConfigurationPlatforms) = postSolution
		{D1B1F4F8-C9CF-4DC4-966D-DD7FF4683A1C}.Debug|Any CPU.ActiveCfg = Debug|Any CPU
		{D1B1F4F8-C9CF-4DC4-966D-DD7FF4683A1C}.Debug|Any CPU.Build.0 = Debug|Any CPU
		{D1B1F4F8-C9CF-4DC4-966D-DD7FF4683A1C}.Release|Any CPU.ActiveCfg = Release|Any CPU
		{D1B1F4F8-C9CF-4DC4-966D-DD7FF4683A1C}.Release|Any CPU.Build.0 = Release|Any CPU
		{69D38337-94C1-4B87-BF51-349E91995C6D}.Debug|Any CPU.ActiveCfg = Debug|Any CPU
		{69D38337-94C1-4B87-BF51-349E91995C6D}.Debug|Any CPU.Build.0 = Debug|Any CPU
		{69D38337-94C1-4B87-BF51-349E91995C6D}.Release|Any CPU.ActiveCfg = Release|Any CPU
		{69D38337-94C1-4B87-BF51-349E91995C6D}.Release|Any CPU.Build.0 = Release|Any CPU
	EndGlobalSection
EndGlobal
